
Microsoft Visual Studio Solution File, Format Version 12.00
# Visual Studio Version 17
VisualStudioVersion = 17.4.33213.308
MinimumVisualStudioVersion = 10.0.40219.1
Project("{FAE04EC0-301F-11D3-BF4B-00C04F79EFBC}") = "Module_5_6", "Module_5_6.csproj", "{A4669A85-972B-4215-ACA1-64C603AD8026}"
EndProject
Global
	GlobalSection(SolutionConfigurationPlatforms) = preSolution
		Debug|Any CPU = Debug|Any CPU
		Release|Any CPU = Release|Any CPU
	EndGlobalSection
	GlobalSection(ProjectConfigurationPlatforms) = postSolution
		{A4669A85-972B-4215-ACA1-64C603AD8026}.Debug|Any CPU.ActiveCfg = Debug|Any CPU
		{A4669A85-972B-4215-ACA1-64C603AD8026}.Debug|Any CPU.Build.0 = Debug|Any CPU
		{A4669A85-972B-4215-ACA1-64C603AD8026}.Release|Any CPU.ActiveCfg = Release|Any CPU
		{A4669A85-972B-4215-ACA1-64C603AD8026}.Release|Any CPU.Build.0 = Release|Any CPU
	EndGlobalSection
	GlobalSection(SolutionProperties) = preSolution
		HideSolutionNode = FALSE
	EndGlobalSection
	GlobalSection(ExtensibilityGlobals) = postSolution
		SolutionGuid = {3B1612F7-3B00-47FB-B43A-CB2CC7272262}
	EndGlobalSection
EndGlobal
